{
    "_readme": [
        "This file locks the dependencies of your project to a known state",
        "Read more about it at https://getcomposer.org/doc/01-basic-usage.md#composer-lock-the-lock-file",
        "This file is @generated automatically"
    ],
    "content-hash": "e5600a9ab5a5b64288b5840eaa44390a",
    "packages": [
        {
            "name": "dev4pa/simplespidphp",
            "version": "0.1.0beta2",
            "source": {
                "type": "git",
                "url": "https://github.com/retepasw/simplespidphp-pasw",
                "reference": "0.1.0beta2"
            },
            "type": "library"
        }
    ],
    "packages-dev": [],
    "aliases": [],
    "minimum-stability": "stable",
    "stability-flags": {
        "dev4pa/simplespidphp": 10
    },
    "prefer-stable": true,
    "prefer-lowest": false,
    "platform": [],
    "platform-dev": []
}
