{
    "_readme": [
        "This file locks the dependencies of your project to a known state",
        "Read more about it at https://getcomposer.org/doc/01-basic-usage.md#composer-lock-the-lock-file",
        "This file is @generated automatically"
    ],
    "content-hash": "453cf555bcbbd25560d67c44dea8ccf4",
    "packages": [
        {
            "name": "italia/spid-simplesamlphp",
            "version": "v1.14.11",
            "source": {
                "type": "git",
                "url": "https://github.com/italia/spid-simplesamlphp.git",
                "reference": "v1.14.11"
            },
            "type": "library"
        }
    ],
    "packages-dev": [],
    "aliases": [],
    "minimum-stability": "dev",
    "stability-flags": [],
    "prefer-stable": true,
    "prefer-lowest": false,
    "platform": [],
    "platform-dev": []
}
